// !$*UTF8*$!
{
	archiveVersion = 1;
	classes = {
	};
	objectVersion = 56;
	objects = {

/* Begin PBXBuildFile section */
		8BD2BB1D2866B91F00DFA8C1 /* BarcodeTextScannerApp.swift in Sources */ = {isa = PBXBuildFile; fileRef = 8BD2BB1C2866B91F00DFA8C1 /* BarcodeTextScannerApp.swift */; };
		8BD2BB1F2866B91F00DFA8C1 /* ContentView.swift in Sources */ = {isa = PBXBuildFile; fileRef = 8BD2BB1E2866B91F00DFA8C1 /* ContentView.swift */; };
		8BD2BB212866B92000DFA8C1 /* Assets.xcassets in Resources */ = {isa = PBXBuildFile; fileRef = 8BD2BB202866B92000DFA8C1 /* Assets.xcassets */; };
		8BD2BB242866B92000DFA8C1 /* Preview Assets.xcassets in Resources */ = {isa = PBXBuildFile; fileRef = 8BD2BB232866B92000DFA8C1 /* Preview Assets.xcassets */; };
		8BD2BB2B2866B98000DFA8C1 /* AppViewModel.swift in Sources */ = {isa = PBXBuildFile; fileRef = 8BD2BB2A2866B98000DFA8C1 /* AppViewModel.swift */; };
		8BD2BB2D2866CC3400DFA8C1 /* DataScannerView.swift in Sources */ = {isa = PBXBuildFile; fileRef = 8BD2BB2C2866CC3400DFA8C1 /* DataScannerView.swift */; };
		8BF286AA2881C6F30007D424 /* LiveTextView.swift in Sources */ = {isa = PBXBuildFile; fileRef = 8BF286A92881C6F30007D424 /* LiveTextView.swift */; };
		BB63A9332D69DCD9001D4ADF /* Lottie in Frameworks */ = {isa = PBXBuildFile; productRef = BB63A9322D69DCD9001D4ADF /* Lottie */; };
		BB63A9372D69E90D001D4ADF /* onboarding.mp4 in Resources */ = {isa = PBXBuildFile; fileRef = BB63A9362D69E90D001D4ADF /* onboarding.mp4 */; };
		BB63A9392D69E95A001D4ADF /* LoopingVideoView.swift in Sources */ = {isa = PBXBuildFile; fileRef = BB63A9382D69E95A001D4ADF /* LoopingVideoView.swift */; };
		BBE37B632D631A8E003DE846 /* PreferenceView.swift in Sources */ = {isa = PBXBuildFile; fileRef = BBE37B622D631A8E003DE846 /* PreferenceView.swift */; };
		BBE37B652D631AA2003DE846 /* SafeBackgroundView.swift in Sources */ = {isa = PBXBuildFile; fileRef = BBE37B642D631AA2003DE846 /* SafeBackgroundView.swift */; };
		BBE37B672D631AC7003DE846 /* OnboardingView.swift in Sources */ = {isa = PBXBuildFile; fileRef = BBE37B662D631AC7003DE846 /* OnboardingView.swift */; };
		BBE37B692D631D3D003DE846 /* SafeView.swift in Sources */ = {isa = PBXBuildFile; fileRef = BBE37B682D631D3D003DE846 /* SafeView.swift */; };
		BBE37B6B2D631F89003DE846 /* NotSafeBackgroundView.swift in Sources */ = {isa = PBXBuildFile; fileRef = BBE37B6A2D631F89003DE846 /* NotSafeBackgroundView.swift */; };
		BBE37B6D2D640780003DE846 /* Food.json in Resources */ = {isa = PBXBuildFile; fileRef = BBE37B6C2D640780003DE846 /* Food.json */; };
		BBE37B6F2D6408A6003DE846 /* IngredientStore.swift in Sources */ = {isa = PBXBuildFile; fileRef = BBE37B6E2D6408A6003DE846 /* IngredientStore.swift */; };
/* End PBXBuildFile section */

/* Begin PBXFileReference section */
		8BD2BB192866B91F00DFA8C1 /* BarcodeTextScanner.app */ = {isa = PBXFileReference; explicitFileType = wrapper.application; includeInIndex = 0; path = BarcodeTextScanner.app; sourceTree = BUILT_PRODUCTS_DIR; };
		8BD2BB1C2866B91F00DFA8C1 /* BarcodeTextScannerApp.swift */ = {isa = PBXFileReference; lastKnownFileType = sourcecode.swift; path = BarcodeTextScannerApp.swift; sourceTree = "<group>"; };
		8BD2BB1E2866B91F00DFA8C1 /* ContentView.swift */ = {isa = PBXFileReference; lastKnownFileType = sourcecode.swift; path = ContentView.swift; sourceTree = "<group>"; };
		8BD2BB202866B92000DFA8C1 /* Assets.xcassets */ = {isa = PBXFileReference; lastKnownFileType = folder.assetcatalog; path = Assets.xcassets; sourceTree = "<group>"; };
		8BD2BB232866B92000DFA8C1 /* Preview Assets.xcassets */ = {isa = PBXFileReference; lastKnownFileType = folder.assetcatalog; path = "Preview Assets.xcassets"; sourceTree = "<group>"; };
		8BD2BB2A2866B98000DFA8C1 /* AppViewModel.swift */ = {isa = PBXFileReference; lastKnownFileType = sourcecode.swift; path = AppViewModel.swift; sourceTree = "<group>"; };
		8BD2BB2C2866CC3400DFA8C1 /* DataScannerView.swift */ = {isa = PBXFileReference; lastKnownFileType = sourcecode.swift; path = DataScannerView.swift; sourceTree = "<group>"; };
		8BF286A92881C6F30007D424 /* LiveTextView.swift */ = {isa = PBXFileReference; lastKnownFileType = sourcecode.swift; path = LiveTextView.swift; sourceTree = "<group>"; };
		BB63A9362D69E90D001D4ADF /* onboarding.mp4 */ = {isa = PBXFileReference; lastKnownFileType = file; path = onboarding.mp4; sourceTree = "<group>"; };
		BB63A9382D69E95A001D4ADF /* LoopingVideoView.swift */ = {isa = PBXFileReference; lastKnownFileType = sourcecode.swift; path = LoopingVideoView.swift; sourceTree = "<group>"; };
		BBE37B622D631A8E003DE846 /* PreferenceView.swift */ = {isa = PBXFileReference; lastKnownFileType = sourcecode.swift; path = PreferenceView.swift; sourceTree = "<group>"; };
		BBE37B642D631AA2003DE846 /* SafeBackgroundView.swift */ = {isa = PBXFileReference; lastKnownFileType = sourcecode.swift; path = SafeBackgroundView.swift; sourceTree = "<group>"; };
		BBE37B662D631AC7003DE846 /* OnboardingView.swift */ = {isa = PBXFileReference; lastKnownFileType = sourcecode.swift; path = OnboardingView.swift; sourceTree = "<group>"; };
		BBE37B682D631D3D003DE846 /* SafeView.swift */ = {isa = PBXFileReference; lastKnownFileType = sourcecode.swift; path = SafeView.swift; sourceTree = "<group>"; };
		BBE37B6A2D631F89003DE846 /* NotSafeBackgroundView.swift */ = {isa = PBXFileReference; lastKnownFileType = sourcecode.swift; path = NotSafeBackgroundView.swift; sourceTree = "<group>"; };
		BBE37B6C2D640780003DE846 /* Food.json */ = {isa = PBXFileReference; lastKnownFileType = text.json; path = Food.json; sourceTree = "<group>"; };
		BBE37B6E2D6408A6003DE846 /* IngredientStore.swift */ = {isa = PBXFileReference; lastKnownFileType = sourcecode.swift; path = IngredientStore.swift; sourceTree = "<group>"; };
/* End PBXFileReference section */

/* Begin PBXFrameworksBuildPhase section */
		8BD2BB162866B91F00DFA8C1 /* Frameworks */ = {
			isa = PBXFrameworksBuildPhase;
			buildActionMask = 2147483647;
			files = (
				BB63A9332D69DCD9001D4ADF /* Lottie in Frameworks */,
			);
			runOnlyForDeploymentPostprocessing = 0;
		};
/* End PBXFrameworksBuildPhase section */

/* Begin PBXGroup section */
		8BD2BB102866B91F00DFA8C1 = {
			isa = PBXGroup;
			children = (
				8BD2BB1B2866B91F00DFA8C1 /* BarcodeTextScanner */,
				8BD2BB1A2866B91F00DFA8C1 /* Products */,
			);
			sourceTree = "<group>";
		};
		8BD2BB1A2866B91F00DFA8C1 /* Products */ = {
			isa = PBXGroup;
			children = (
				8BD2BB192866B91F00DFA8C1 /* BarcodeTextScanner.app */,
			);
			name = Products;
			sourceTree = "<group>";
		};
		8BD2BB1B2866B91F00DFA8C1 /* BarcodeTextScanner */ = {
			isa = PBXGroup;
			children = (
				BB63A9362D69E90D001D4ADF /* onboarding.mp4 */,
				BB63A9382D69E95A001D4ADF /* LoopingVideoView.swift */,
				8BD2BB1C2866B91F00DFA8C1 /* BarcodeTextScannerApp.swift */,
				BBE37B6C2D640780003DE846 /* Food.json */,
				BBE37B662D631AC7003DE846 /* OnboardingView.swift */,
				BBE37B622D631A8E003DE846 /* PreferenceView.swift */,
				BBE37B642D631AA2003DE846 /* SafeBackgroundView.swift */,
				BBE37B6A2D631F89003DE846 /* NotSafeBackgroundView.swift */,
				BBE37B682D631D3D003DE846 /* SafeView.swift */,
				8BD2BB2A2866B98000DFA8C1 /* AppViewModel.swift */,
				BBE37B6E2D6408A6003DE846 /* IngredientStore.swift */,
				8BF286A92881C6F30007D424 /* LiveTextView.swift */,
				8BD2BB1E2866B91F00DFA8C1 /* ContentView.swift */,
				8BD2BB2C2866CC3400DFA8C1 /* DataScannerView.swift */,
				8BD2BB202866B92000DFA8C1 /* Assets.xcassets */,
				8BD2BB222866B92000DFA8C1 /* Preview Content */,
			);
			path = BarcodeTextScanner;
			sourceTree = "<group>";
		};
		8BD2BB222866B92000DFA8C1 /* Preview Content */ = {
			isa = PBXGroup;
			children = (
				8BD2BB232866B92000DFA8C1 /* Preview Assets.xcassets */,
			);
			path = "Preview Content";
			sourceTree = "<group>";
		};
/* End PBXGroup section */

/* Begin PBXNativeTarget section */
		8BD2BB182866B91F00DFA8C1 /* BarcodeTextScanner */ = {
			isa = PBXNativeTarget;
			buildConfigurationList = 8BD2BB272866B92000DFA8C1 /* Build configuration list for PBXNativeTarget "BarcodeTextScanner" */;
			buildPhases = (
				8BD2BB152866B91F00DFA8C1 /* Sources */,
				8BD2BB162866B91F00DFA8C1 /* Frameworks */,
				8BD2BB172866B91F00DFA8C1 /* Resources */,
			);
			buildRules = (
			);
			dependencies = (
			);
			name = BarcodeTextScanner;
			productName = BarcodeTextScanner;
			productReference = 8BD2BB192866B91F00DFA8C1 /* BarcodeTextScanner.app */;
			productType = "com.apple.product-type.application";
		};
/* End PBXNativeTarget section */

/* Begin PBXProject section */
		8BD2BB112866B91F00DFA8C1 /* Project object */ = {
			isa = PBXProject;
			attributes = {
				BuildIndependentTargetsInParallel = 1;
				LastSwiftUpdateCheck = 1400;
				LastUpgradeCheck = 1600;
				TargetAttributes = {
					8BD2BB182866B91F00DFA8C1 = {
						CreatedOnToolsVersion = 14.0;
					};
				};
			};
			buildConfigurationList = 8BD2BB142866B91F00DFA8C1 /* Build configuration list for PBXProject "BarcodeTextScanner" */;
			compatibilityVersion = "Xcode 14.0";
			developmentRegion = en;
			hasScannedForEncodings = 0;
			knownRegions = (
				en,
				Base,
			);
			mainGroup = 8BD2BB102866B91F00DFA8C1;
			packageReferences = (
				BB63A9312D69DCD9001D4ADF /* XCRemoteSwiftPackageReference "lottie-ios" */,
			);
			productRefGroup = 8BD2BB1A2866B91F00DFA8C1 /* Products */;
			projectDirPath = "";
			projectRoot = "";
			targets = (
				8BD2BB182866B91F00DFA8C1 /* BarcodeTextScanner */,
			);
		};
/* End PBXProject section */

/* Begin PBXResourcesBuildPhase section */
		8BD2BB172866B91F00DFA8C1 /* Resources */ = {
			isa = PBXResourcesBuildPhase;
			buildActionMask = 2147483647;
			files = (
				BB63A9372D69E90D001D4ADF /* onboarding.mp4 in Resources */,
				8BD2BB242866B92000DFA8C1 /* Preview Assets.xcassets in Resources */,
				BBE37B6D2D640780003DE846 /* Food.json in Resources */,
				8BD2BB212866B92000DFA8C1 /* Assets.xcassets in Resources */,
			);
			runOnlyForDeploymentPostprocessing = 0;
		};
/* End PBXResourcesBuildPhase section */

/* Begin PBXSourcesBuildPhase section */
		8BD2BB152866B91F00DFA8C1 /* Sources */ = {
			isa = PBXSourcesBuildPhase;
			buildActionMask = 2147483647;
			files = (
				BBE37B692D631D3D003DE846 /* SafeView.swift in Sources */,
				BBE37B632D631A8E003DE846 /* PreferenceView.swift in Sources */,
				8BD2BB1F2866B91F00DFA8C1 /* ContentView.swift in Sources */,
				BBE37B672D631AC7003DE846 /* OnboardingView.swift in Sources */,
				8BD2BB1D2866B91F00DFA8C1 /* BarcodeTextScannerApp.swift in Sources */,
				8BF286AA2881C6F30007D424 /* LiveTextView.swift in Sources */,
				BBE37B6B2D631F89003DE846 /* NotSafeBackgroundView.swift in Sources */,
				BBE37B6F2D6408A6003DE846 /* IngredientStore.swift in Sources */,
				8BD2BB2B2866B98000DFA8C1 /* AppViewModel.swift in Sources */,
				BBE37B652D631AA2003DE846 /* SafeBackgroundView.swift in Sources */,
				8BD2BB2D2866CC3400DFA8C1 /* DataScannerView.swift in Sources */,
				BB63A9392D69E95A001D4ADF /* LoopingVideoView.swift in Sources */,
			);
			runOnlyForDeploymentPostprocessing = 0;
		};
/* End PBXSourcesBuildPhase section */

/* Begin XCBuildConfiguration section */
		8BD2BB252866B92000DFA8C1 /* Debug */ = {
			isa = XCBuildConfiguration;
			buildSettings = {
				ALWAYS_SEARCH_USER_PATHS = NO;
				ASSETCATALOG_COMPILER_GENERATE_SWIFT_ASSET_SYMBOL_EXTENSIONS = YES;
				CLANG_ANALYZER_NONNULL = YES;
				CLANG_ANALYZER_NUMBER_OBJECT_CONVERSION = YES_AGGRESSIVE;
				CLANG_CXX_LANGUAGE_STANDARD = "gnu++17";
				CLANG_ENABLE_MODULES = YES;
				CLANG_ENABLE_OBJC_ARC = YES;
				CLANG_ENABLE_OBJC_WEAK = YES;
				CLANG_WARN_BLOCK_CAPTURE_AUTORELEASING = YES;
				CLANG_WARN_BOOL_CONVERSION = YES;
				CLANG_WARN_COMMA = YES;
				CLANG_WARN_CONSTANT_CONVERSION = YES;
				CLANG_WARN_DEPRECATED_OBJC_IMPLEMENTATIONS = YES;
				CLANG_WARN_DIRECT_OBJC_ISA_USAGE = YES_ERROR;
				CLANG_WARN_DOCUMENTATION_COMMENTS = YES;
				CLANG_WARN_EMPTY_BODY = YES;
				CLANG_WARN_ENUM_CONVERSION = YES;
				CLANG_WARN_INFINITE_RECURSION = YES;
				CLANG_WARN_INT_CONVERSION = YES;
				CLANG_WARN_NON_LITERAL_NULL_CONVERSION = YES;
				CLANG_WARN_OBJC_IMPLICIT_RETAIN_SELF = YES;
				CLANG_WARN_OBJC_LITERAL_CONVERSION = YES;
				CLANG_WARN_OBJC_ROOT_CLASS = YES_ERROR;
				CLANG_WARN_QUOTED_INCLUDE_IN_FRAMEWORK_HEADER = YES;
				CLANG_WARN_RANGE_LOOP_ANALYSIS = YES;
				CLANG_WARN_STRICT_PROTOTYPES = YES;
				CLANG_WARN_SUSPICIOUS_MOVE = YES;
				CLANG_WARN_UNGUARDED_AVAILABILITY = YES_AGGRESSIVE;
				CLANG_WARN_UNREACHABLE_CODE = YES;
				CLANG_WARN__DUPLICATE_METHOD_MATCH = YES;
				COPY_PHASE_STRIP = NO;
				DEBUG_INFORMATION_FORMAT = dwarf;
				ENABLE_STRICT_OBJC_MSGSEND = YES;
				ENABLE_TESTABILITY = YES;
				ENABLE_USER_SCRIPT_SANDBOXING = YES;
				GCC_C_LANGUAGE_STANDARD = gnu11;
				GCC_DYNAMIC_NO_PIC = NO;
				GCC_NO_COMMON_BLOCKS = YES;
				GCC_OPTIMIZATION_LEVEL = 0;
				GCC_PREPROCESSOR_DEFINITIONS = (
					"DEBUG=1",
					"$(inherited)",
				);
				GCC_WARN_64_TO_32_BIT_CONVERSION = YES;
				GCC_WARN_ABOUT_RETURN_TYPE = YES_ERROR;
				GCC_WARN_UNDECLARED_SELECTOR = YES;
				GCC_WARN_UNINITIALIZED_AUTOS = YES_AGGRESSIVE;
				GCC_WARN_UNUSED_FUNCTION = YES;
				GCC_WARN_UNUSED_VARIABLE = YES;
				IPHONEOS_DEPLOYMENT_TARGET = 16.0;
				MTL_ENABLE_DEBUG_INFO = INCLUDE_SOURCE;
				MTL_FAST_MATH = YES;
				ONLY_ACTIVE_ARCH = YES;
				SDKROOT = iphoneos;
				SWIFT_ACTIVE_COMPILATION_CONDITIONS = DEBUG;
				SWIFT_OPTIMIZATION_LEVEL = "-Onone";
			};
			name = Debug;
		};
		8BD2BB262866B92000DFA8C1 /* Release */ = {
			isa = XCBuildConfiguration;
			buildSettings = {
				ALWAYS_SEARCH_USER_PATHS = NO;
				ASSETCATALOG_COMPILER_GENERATE_SWIFT_ASSET_SYMBOL_EXTENSIONS = YES;
				CLANG_ANALYZER_NONNULL = YES;
				CLANG_ANALYZER_NUMBER_OBJECT_CONVERSION = YES_AGGRESSIVE;
				CLANG_CXX_LANGUAGE_STANDARD = "gnu++17";
				CLANG_ENABLE_MODULES = YES;
				CLANG_ENABLE_OBJC_ARC = YES;
				CLANG_ENABLE_OBJC_WEAK = YES;
				CLANG_WARN_BLOCK_CAPTURE_AUTORELEASING = YES;
				CLANG_WARN_BOOL_CONVERSION = YES;
				CLANG_WARN_COMMA = YES;
				CLANG_WARN_CONSTANT_CONVERSION = YES;
				CLANG_WARN_DEPRECATED_OBJC_IMPLEMENTATIONS = YES;
				CLANG_WARN_DIRECT_OBJC_ISA_USAGE = YES_ERROR;
				CLANG_WARN_DOCUMENTATION_COMMENTS = YES;
				CLANG_WARN_EMPTY_BODY = YES;
				CLANG_WARN_ENUM_CONVERSION = YES;
				CLANG_WARN_INFINITE_RECURSION = YES;
				CLANG_WARN_INT_CONVERSION = YES;
				CLANG_WARN_NON_LITERAL_NULL_CONVERSION = YES;
				CLANG_WARN_OBJC_IMPLICIT_RETAIN_SELF = YES;
				CLANG_WARN_OBJC_LITERAL_CONVERSION = YES;
				CLANG_WARN_OBJC_ROOT_CLASS = YES_ERROR;
				CLANG_WARN_QUOTED_INCLUDE_IN_FRAMEWORK_HEADER = YES;
				CLANG_WARN_RANGE_LOOP_ANALYSIS = YES;
				CLANG_WARN_STRICT_PROTOTYPES = YES;
				CLANG_WARN_SUSPICIOUS_MOVE = YES;
				CLANG_WARN_UNGUARDED_AVAILABILITY = YES_AGGRESSIVE;
				CLANG_WARN_UNREACHABLE_CODE = YES;
				CLANG_WARN__DUPLICATE_METHOD_MATCH = YES;
				COPY_PHASE_STRIP = NO;
				DEBUG_INFORMATION_FORMAT = "dwarf-with-dsym";
				ENABLE_NS_ASSERTIONS = NO;
				ENABLE_STRICT_OBJC_MSGSEND = YES;
				ENABLE_USER_SCRIPT_SANDBOXING = YES;
				GCC_C_LANGUAGE_STANDARD = gnu11;
				GCC_NO_COMMON_BLOCKS = YES;
				GCC_WARN_64_TO_32_BIT_CONVERSION = YES;
				GCC_WARN_ABOUT_RETURN_TYPE = YES_ERROR;
				GCC_WARN_UNDECLARED_SELECTOR = YES;
				GCC_WARN_UNINITIALIZED_AUTOS = YES_AGGRESSIVE;
				GCC_WARN_UNUSED_FUNCTION = YES;
				GCC_WARN_UNUSED_VARIABLE = YES;
				IPHONEOS_DEPLOYMENT_TARGET = 16.0;
				MTL_ENABLE_DEBUG_INFO = NO;
				MTL_FAST_MATH = YES;
				SDKROOT = iphoneos;
				SWIFT_COMPILATION_MODE = wholemodule;
				SWIFT_OPTIMIZATION_LEVEL = "-O";
				VALIDATE_PRODUCT = YES;
			};
			name = Release;
		};
		8BD2BB282866B92000DFA8C1 /* Debug */ = {
			isa = XCBuildConfiguration;
			buildSettings = {
				ASSETCATALOG_COMPILER_APPICON_NAME = AppIcon;
				ASSETCATALOG_COMPILER_GLOBAL_ACCENT_COLOR_NAME = AccentColor;
				CODE_SIGN_IDENTITY = "Apple Development";
				CODE_SIGN_STYLE = Automatic;
				CURRENT_PROJECT_VERSION = 1;
				DEVELOPMENT_ASSET_PATHS = "\"BarcodeTextScanner/Preview Content\"";
				DEVELOPMENT_TEAM = 6B89WP5H2R;
				ENABLE_PREVIEWS = YES;
				GENERATE_INFOPLIST_FILE = YES;
				INFOPLIST_KEY_NSCameraUsageDescription = "The app needs camera access to scan barcode and text";
				INFOPLIST_KEY_UIApplicationSceneManifest_Generation = YES;
				INFOPLIST_KEY_UIApplicationSupportsIndirectInputEvents = YES;
				INFOPLIST_KEY_UILaunchScreen_Generation = YES;
				INFOPLIST_KEY_UISupportedInterfaceOrientations_iPad = "UIInterfaceOrientationPortrait UIInterfaceOrientationPortraitUpsideDown UIInterfaceOrientationLandscapeLeft UIInterfaceOrientationLandscapeRight";
				INFOPLIST_KEY_UISupportedInterfaceOrientations_iPhone = "UIInterfaceOrientationPortrait UIInterfaceOrientationLandscapeLeft UIInterfaceOrientationLandscapeRight";
				IPHONEOS_DEPLOYMENT_TARGET = 18.0;
				LD_RUNPATH_SEARCH_PATHS = (
					"$(inherited)",
					"@executable_path/Frameworks",
				);
				MARKETING_VERSION = 1.0;
				PRODUCT_BUNDLE_IDENTIFIER = com.myc.test;
				PRODUCT_NAME = "$(TARGET_NAME)";
				PROVISIONING_PROFILE_SPECIFIER = "";
				SWIFT_EMIT_LOC_STRINGS = YES;
				SWIFT_VERSION = 5.0;
				TARGETED_DEVICE_FAMILY = "1,2";
			};
			name = Debug;
		};
		8BD2BB292866B92000DFA8C1 /* Release */ = {
			isa = XCBuildConfiguration;
			buildSettings = {
				ASSETCATALOG_COMPILER_APPICON_NAME = AppIcon;
				ASSETCATALOG_COMPILER_GLOBAL_ACCENT_COLOR_NAME = AccentColor;
				CODE_SIGN_IDENTITY = "Apple Development";
				CODE_SIGN_STYLE = Automatic;
				CURRENT_PROJECT_VERSION = 1;
				DEVELOPMENT_ASSET_PATHS = "\"BarcodeTextScanner/Preview Content\"";
				DEVELOPMENT_TEAM = 6B89WP5H2R;
				ENABLE_PREVIEWS = YES;
				GENERATE_INFOPLIST_FILE = YES;
				INFOPLIST_KEY_NSCameraUsageDescription = "The app needs camera access to scan barcode and text";
				INFOPLIST_KEY_UIApplicationSceneManifest_Generation = YES;
				INFOPLIST_KEY_UIApplicationSupportsIndirectInputEvents = YES;
				INFOPLIST_KEY_UILaunchScreen_Generation = YES;
				INFOPLIST_KEY_UISupportedInterfaceOrientations_iPad = "UIInterfaceOrientationPortrait UIInterfaceOrientationPortraitUpsideDown UIInterfaceOrientationLandscapeLeft UIInterfaceOrientationLandscapeRight";
				INFOPLIST_KEY_UISupportedInterfaceOrientations_iPhone = "UIInterfaceOrientationPortrait UIInterfaceOrientationLandscapeLeft UIInterfaceOrientationLandscapeRight";
				IPHONEOS_DEPLOYMENT_TARGET = 18.0;
				LD_RUNPATH_SEARCH_PATHS = (
					"$(inherited)",
					"@executable_path/Frameworks",
				);
				MARKETING_VERSION = 1.0;
				PRODUCT_BUNDLE_IDENTIFIER = com.myc.test;
				PRODUCT_NAME = "$(TARGET_NAME)";
				PROVISIONING_PROFILE_SPECIFIER = "";
				SWIFT_EMIT_LOC_STRINGS = YES;
				SWIFT_VERSION = 5.0;
				TARGETED_DEVICE_FAMILY = "1,2";
			};
			name = Release;
		};
/* End XCBuildConfiguration section */

/* Begin XCConfigurationList section */
		8BD2BB142866B91F00DFA8C1 /* Build configuration list for PBXProject "BarcodeTextScanner" */ = {
			isa = XCConfigurationList;
			buildConfigurations = (
				8BD2BB252866B92000DFA8C1 /* Debug */,
				8BD2BB262866B92000DFA8C1 /* Release */,
			);
			defaultConfigurationIsVisible = 0;
			defaultConfigurationName = Release;
		};
		8BD2BB272866B92000DFA8C1 /* Build configuration list for PBXNativeTarget "BarcodeTextScanner" */ = {
			isa = XCConfigurationList;
			buildConfigurations = (
				8BD2BB282866B92000DFA8C1 /* Debug */,
				8BD2BB292866B92000DFA8C1 /* Release */,
			);
			defaultConfigurationIsVisible = 0;
			defaultConfigurationName = Release;
		};
/* End XCConfigurationList section */

/* Begin XCRemoteSwiftPackageReference section */
		BB63A9312D69DCD9001D4ADF /* XCRemoteSwiftPackageReference "lottie-ios" */ = {
			isa = XCRemoteSwiftPackageReference;
			repositoryURL = "https://github.com/airbnb/lottie-ios.git";
			requirement = {
				kind = upToNextMajorVersion;
				minimumVersion = 4.5.1;
			};
		};
/* End XCRemoteSwiftPackageReference section */

/* Begin XCSwiftPackageProductDependency section */
		BB63A9322D69DCD9001D4ADF /* Lottie */ = {
			isa = XCSwiftPackageProductDependency;
			package = BB63A9312D69DCD9001D4ADF /* XCRemoteSwiftPackageReference "lottie-ios" */;
			productName = Lottie;
		};
/* End XCSwiftPackageProductDependency section */
	};
	rootObject = 8BD2BB112866B91F00DFA8C1 /* Project object */;
}
